
Microsoft Visual Studio Solution File, Format Version 12.00
# Visual Studio 15
VisualStudioVersion = 15.0.28010.2016
MinimumVisualStudioVersion = 10.0.40219.1
Project("{159641D6-6404-4A2A-AE62-294DE0FE8301}") = "IdhProject", "IdhProject\IdhProject.dtproj", "{A5C598CA-9354-40A7-9202-12E2D4DDE8F3}"
EndProject
Global
	GlobalSection(SolutionConfigurationPlatforms) = preSolution
		Development|Default = Development|Default
	EndGlobalSection
	GlobalSection(ProjectConfigurationPlatforms) = postSolution
		{A5C598CA-9354-40A7-9202-12E2D4DDE8F3}.Development|Default.ActiveCfg = Development
		{A5C598CA-9354-40A7-9202-12E2D4DDE8F3}.Development|Default.Build.0 = Development
	EndGlobalSection
	GlobalSection(SolutionProperties) = preSolution
		HideSolutionNode = FALSE
	EndGlobalSection
	GlobalSection(ExtensibilityGlobals) = postSolution
		SolutionGuid = {7B1A1518-F371-402F-A823-2BE1CEA2A199}
	EndGlobalSection
EndGlobal
